# THIS IS AN AUTOGENERATED FILE. DO NOT EDIT THIS FILE DIRECTLY.
# yarn lockfile v1


"@types/node@^14.6.0":
  version "14.6.0"
  resolved "https://registry.yarnpkg.com/@types/node/-/node-14.6.0.tgz#7d4411bf5157339337d7cff864d9ff45f177b499"
  integrity sha512-mikldZQitV94akrc4sCcSjtJfsTKt4p+e/s0AGscVA6XArQ9kFclP+ZiYUMnq987rc6QlYxXv/EivqlfSLxpKA==

hermes-profile-transformer@^0.0.9:
  version "0.0.9"
  resolved "https://registry.yarnpkg.com/hermes-profile-transformer/-/hermes-profile-transformer-0.0.9.tgz#ae9a7221c3392c391ab068cd69cc8c7536c141f3"
  integrity sha512-JYPUE9zA+W/hpTIGBV+t2ODvntataLLMfntoEcpEpKFDwdR6+Quk9SwLnWX9y2A3ZII6N4T8w3TUBC2ejsEGBw==
  dependencies:
    source-map "^0.7.3"

source-map@^0.7.3:
  version "0.7.3"
  resolved "https://registry.yarnpkg.com/source-map/-/source-map-0.7.3.tgz#5302f8169031735226544092e64981f751750383"
  integrity sha512-CkCj6giN3S+n9qrYiBTX5gystlENnRW5jZeNLHpe6aue+SrHcG5VYwujhW9s4dY31mEGsxBDrHR6oI69fTXsaQ==
